
Microsoft Visual Studio Solution File, Format Version 12.00
# Visual Studio Version 16
VisualStudioVersion = 16.0.31729.503
MinimumVisualStudioVersion = 10.0.40219.1
Project("{FAE04EC0-301F-11D3-BF4B-00C04F79EFBC}") = "ConjunctionAlerts", "ConjunctionAlerts.csproj", "{5932448F-3F5E-48CC-83F8-477158860697}"
EndProject
Global
	GlobalSection(SolutionConfigurationPlatforms) = preSolution
		Debug|Any CPU = Debug|Any CPU
		Release|Any CPU = Release|Any CPU
	EndGlobalSection
	GlobalSection(ProjectConfigurationPlatforms) = postSolution
		{5932448F-3F5E-48CC-83F8-477158860697}.Debug|Any CPU.ActiveCfg = Debug|Any CPU
		{5932448F-3F5E-48CC-83F8-477158860697}.Debug|Any CPU.Build.0 = Debug|Any CPU
		{5932448F-3F5E-48CC-83F8-477158860697}.Release|Any CPU.ActiveCfg = Release|Any CPU
		{5932448F-3F5E-48CC-83F8-477158860697}.Release|Any CPU.Build.0 = Release|Any CPU
	EndGlobalSection
	GlobalSection(SolutionProperties) = preSolution
		HideSolutionNode = FALSE
	EndGlobalSection
	GlobalSection(ExtensibilityGlobals) = postSolution
		SolutionGuid = {A97F0E5C-4160-47B1-A74B-C9F289499F0F}
	EndGlobalSection
EndGlobal
